// !$*UTF8*$!
{
	archiveVersion = 1;
	classes = {
	};
	objectVersion = 46;
	objects = {

/* Begin PBXBuildFile section */
		6BA905C6AE023D6F0CB5ED74 /* Pods_ix_location.framework in Frameworks */ = {isa = PBXBuildFile; fileRef = AAFF0E2E170CFA712D50E2EA /* Pods_ix_location.framework */; };
		CA0B26DF1F0A8A6E006F0CF7 /* AppDelegate.swift in Sources */ = {isa = PBXBuildFile; fileRef = CA0B26DE1F0A8A6E006F0CF7 /* AppDelegate.swift */; };
		CA0B26E11F0A8A6E006F0CF7 /* GoogleMapsViewController.swift in Sources */ = {isa = PBXBuildFile; fileRef = CA0B26E01F0A8A6E006F0CF7 /* GoogleMapsViewController.swift */; };
		CA0B26E31F0A8A6E006F0CF7 /* AppleMapsViewController.swift in Sources */ = {isa = PBXBuildFile; fileRef = CA0B26E21F0A8A6E006F0CF7 /* AppleMapsViewController.swift */; };
		CA0B26E61F0A8A6E006F0CF7 /* Main.storyboard in Resources */ = {isa = PBXBuildFile; fileRef = CA0B26E41F0A8A6E006F0CF7 /* Main.storyboard */; };
		CA0B26E81F0A8A6E006F0CF7 /* Assets.xcassets in Resources */ = {isa = PBXBuildFile; fileRef = CA0B26E71F0A8A6E006F0CF7 /* Assets.xcassets */; };
		CA0B26EB1F0A8A6E006F0CF7 /* LaunchScreen.storyboard in Resources */ = {isa = PBXBuildFile; fileRef = CA0B26E91F0A8A6E006F0CF7 /* LaunchScreen.storyboard */; };
		CA0B26F31F0AD204006F0CF7 /* ActivityLogViewController.swift in Sources */ = {isa = PBXBuildFile; fileRef = CA0B26F21F0AD204006F0CF7 /* ActivityLogViewController.swift */; };
		CA0B26F51F0AD282006F0CF7 /* SettingsViewController.swift in Sources */ = {isa = PBXBuildFile; fileRef = CA0B26F41F0AD282006F0CF7 /* SettingsViewController.swift */; };
/* End PBXBuildFile section */

/* Begin PBXFileReference section */
		3E9585DCF3C1D18F953F065D /* Pods-ix-location.release.xcconfig */ = {isa = PBXFileReference; includeInIndex = 1; lastKnownFileType = text.xcconfig; name = "Pods-ix-location.release.xcconfig"; path = "Pods/Target Support Files/Pods-ix-location/Pods-ix-location.release.xcconfig"; sourceTree = "<group>"; };
		AAFF0E2E170CFA712D50E2EA /* Pods_ix_location.framework */ = {isa = PBXFileReference; explicitFileType = wrapper.framework; includeInIndex = 0; path = Pods_ix_location.framework; sourceTree = BUILT_PRODUCTS_DIR; };
		CA0B26DB1F0A8A6E006F0CF7 /* ix-location.app */ = {isa = PBXFileReference; explicitFileType = wrapper.application; includeInIndex = 0; path = "ix-location.app"; sourceTree = BUILT_PRODUCTS_DIR; };
		CA0B26DE1F0A8A6E006F0CF7 /* AppDelegate.swift */ = {isa = PBXFileReference; lastKnownFileType = sourcecode.swift; path = AppDelegate.swift; sourceTree = "<group>"; };
		CA0B26E01F0A8A6E006F0CF7 /* GoogleMapsViewController.swift */ = {isa = PBXFileReference; lastKnownFileType = sourcecode.swift; path = GoogleMapsViewController.swift; sourceTree = "<group>"; };
		CA0B26E21F0A8A6E006F0CF7 /* AppleMapsViewController.swift */ = {isa = PBXFileReference; lastKnownFileType = sourcecode.swift; path = AppleMapsViewController.swift; sourceTree = "<group>"; };
		CA0B26E51F0A8A6E006F0CF7 /* Base */ = {isa = PBXFileReference; lastKnownFileType = file.storyboard; name = Base; path = Base.lproj/Main.storyboard; sourceTree = "<group>"; };
		CA0B26E71F0A8A6E006F0CF7 /* Assets.xcassets */ = {isa = PBXFileReference; lastKnownFileType = folder.assetcatalog; path = Assets.xcassets; sourceTree = "<group>"; };
		CA0B26EA1F0A8A6E006F0CF7 /* Base */ = {isa = PBXFileReference; lastKnownFileType = file.storyboard; name = Base; path = Base.lproj/LaunchScreen.storyboard; sourceTree = "<group>"; };
		CA0B26EC1F0A8A6F006F0CF7 /* Info.plist */ = {isa = PBXFileReference; lastKnownFileType = text.plist.xml; path = Info.plist; sourceTree = "<group>"; };
		CA0B26F21F0AD204006F0CF7 /* ActivityLogViewController.swift */ = {isa = PBXFileReference; fileEncoding = 4; lastKnownFileType = sourcecode.swift; path = ActivityLogViewController.swift; sourceTree = "<group>"; };
		CA0B26F41F0AD282006F0CF7 /* SettingsViewController.swift */ = {isa = PBXFileReference; fileEncoding = 4; lastKnownFileType = sourcecode.swift; path = SettingsViewController.swift; sourceTree = "<group>"; };
		FA20171FEB18DC7C5BC2218C /* Pods-ix-location.debug.xcconfig */ = {isa = PBXFileReference; includeInIndex = 1; lastKnownFileType = text.xcconfig; name = "Pods-ix-location.debug.xcconfig"; path = "Pods/Target Support Files/Pods-ix-location/Pods-ix-location.debug.xcconfig"; sourceTree = "<group>"; };
/* End PBXFileReference section */

/* Begin PBXFrameworksBuildPhase section */
		CA0B26D81F0A8A6E006F0CF7 /* Frameworks */ = {
			isa = PBXFrameworksBuildPhase;
			buildActionMask = 2147483647;
			files = (
				6BA905C6AE023D6F0CB5ED74 /* Pods_ix_location.framework in Frameworks */,
			);
			runOnlyForDeploymentPostprocessing = 0;
		};
/* End PBXFrameworksBuildPhase section */

/* Begin PBXGroup section */
		2077B867ACC9C5D096CFEFAE /* Pods */ = {
			isa = PBXGroup;
			children = (
				FA20171FEB18DC7C5BC2218C /* Pods-ix-location.debug.xcconfig */,
				3E9585DCF3C1D18F953F065D /* Pods-ix-location.release.xcconfig */,
			);
			name = Pods;
			sourceTree = "<group>";
		};
		88924554E4B029EC9D72C8E7 /* Frameworks */ = {
			isa = PBXGroup;
			children = (
				AAFF0E2E170CFA712D50E2EA /* Pods_ix_location.framework */,
			);
			name = Frameworks;
			sourceTree = "<group>";
		};
		CA0B26D21F0A8A6E006F0CF7 = {
			isa = PBXGroup;
			children = (
				CA0B26DD1F0A8A6E006F0CF7 /* ix-location */,
				CA0B26DC1F0A8A6E006F0CF7 /* Products */,
				2077B867ACC9C5D096CFEFAE /* Pods */,
				88924554E4B029EC9D72C8E7 /* Frameworks */,
			);
			sourceTree = "<group>";
		};
		CA0B26DC1F0A8A6E006F0CF7 /* Products */ = {
			isa = PBXGroup;
			children = (
				CA0B26DB1F0A8A6E006F0CF7 /* ix-location.app */,
			);
			name = Products;
			sourceTree = "<group>";
		};
		CA0B26DD1F0A8A6E006F0CF7 /* ix-location */ = {
			isa = PBXGroup;
			children = (
				CA0B26DE1F0A8A6E006F0CF7 /* AppDelegate.swift */,
				CA0B26E01F0A8A6E006F0CF7 /* GoogleMapsViewController.swift */,
				CA0B26E21F0A8A6E006F0CF7 /* AppleMapsViewController.swift */,
				CA0B26F21F0AD204006F0CF7 /* ActivityLogViewController.swift */,
				CA0B26F41F0AD282006F0CF7 /* SettingsViewController.swift */,
				CA0B26E41F0A8A6E006F0CF7 /* Main.storyboard */,
				CA0B26E71F0A8A6E006F0CF7 /* Assets.xcassets */,
				CA0B26E91F0A8A6E006F0CF7 /* LaunchScreen.storyboard */,
				CA0B26EC1F0A8A6F006F0CF7 /* Info.plist */,
			);
			path = "ix-location";
			sourceTree = "<group>";
		};
/* End PBXGroup section */

/* Begin PBXNativeTarget section */
		CA0B26DA1F0A8A6E006F0CF7 /* ix-location */ = {
			isa = PBXNativeTarget;
			buildConfigurationList = CA0B26EF1F0A8A6F006F0CF7 /* Build configuration list for PBXNativeTarget "ix-location" */;
			buildPhases = (
				7616D8633034FEF86295921F /* [CP] Check Pods Manifest.lock */,
				CA0B26D71F0A8A6E006F0CF7 /* Sources */,
				CA0B26D81F0A8A6E006F0CF7 /* Frameworks */,
				CA0B26D91F0A8A6E006F0CF7 /* Resources */,
				81033CEE65BAE6EA5E23C0DB /* [CP] Embed Pods Frameworks */,
				F902B418F4BF2F91F400DEF0 /* [CP] Copy Pods Resources */,
			);
			buildRules = (
			);
			dependencies = (
			);
			name = "ix-location";
			productName = "ix-location";
			productReference = CA0B26DB1F0A8A6E006F0CF7 /* ix-location.app */;
			productType = "com.apple.product-type.application";
		};
/* End PBXNativeTarget section */

/* Begin PBXProject section */
		CA0B26D31F0A8A6E006F0CF7 /* Project object */ = {
			isa = PBXProject;
			attributes = {
				LastSwiftUpdateCheck = 0830;
				LastUpgradeCheck = 0830;
				ORGANIZATIONNAME = "Brandon Taleisnik";
				TargetAttributes = {
					CA0B26DA1F0A8A6E006F0CF7 = {
						CreatedOnToolsVersion = 8.3.2;
						ProvisioningStyle = Automatic;
					};
				};
			};
			buildConfigurationList = CA0B26D61F0A8A6E006F0CF7 /* Build configuration list for PBXProject "ix-location" */;
			compatibilityVersion = "Xcode 3.2";
			developmentRegion = English;
			hasScannedForEncodings = 0;
			knownRegions = (
				en,
				Base,
			);
			mainGroup = CA0B26D21F0A8A6E006F0CF7;
			productRefGroup = CA0B26DC1F0A8A6E006F0CF7 /* Products */;
			projectDirPath = "";
			projectRoot = "";
			targets = (
				CA0B26DA1F0A8A6E006F0CF7 /* ix-location */,
			);
		};
/* End PBXProject section */

/* Begin PBXResourcesBuildPhase section */
		CA0B26D91F0A8A6E006F0CF7 /* Resources */ = {
			isa = PBXResourcesBuildPhase;
			buildActionMask = 2147483647;
			files = (
				CA0B26EB1F0A8A6E006F0CF7 /* LaunchScreen.storyboard in Resources */,
				CA0B26E81F0A8A6E006F0CF7 /* Assets.xcassets in Resources */,
				CA0B26E61F0A8A6E006F0CF7 /* Main.storyboard in Resources */,
			);
			runOnlyForDeploymentPostprocessing = 0;
		};
/* End PBXResourcesBuildPhase section */

/* Begin PBXShellScriptBuildPhase section */
		7616D8633034FEF86295921F /* [CP] Check Pods Manifest.lock */ = {
			isa = PBXShellScriptBuildPhase;
			buildActionMask = 2147483647;
			files = (
			);
			inputPaths = (
			);
			name = "[CP] Check Pods Manifest.lock";
			outputPaths = (
			);
			runOnlyForDeploymentPostprocessing = 0;
			shellPath = /bin/sh;
			shellScript = "diff \"${PODS_PODFILE_DIR_PATH}/Podfile.lock\" \"${PODS_ROOT}/Manifest.lock\" > /dev/null\nif [ $? != 0 ] ; then\n    # print error to STDERR\n    echo \"error: The sandbox is not in sync with the Podfile.lock. Run 'pod install' or update your CocoaPods installation.\" >&2\n    exit 1\nfi\n";
			showEnvVarsInLog = 0;
		};
		81033CEE65BAE6EA5E23C0DB /* [CP] Embed Pods Frameworks */ = {
			isa = PBXShellScriptBuildPhase;
			buildActionMask = 2147483647;
			files = (
			);
			inputPaths = (
			);
			name = "[CP] Embed Pods Frameworks";
			outputPaths = (
			);
			runOnlyForDeploymentPostprocessing = 0;
			shellPath = /bin/sh;
			shellScript = "\"${SRCROOT}/Pods/Target Support Files/Pods-ix-location/Pods-ix-location-frameworks.sh\"\n";
			showEnvVarsInLog = 0;
		};
		F902B418F4BF2F91F400DEF0 /* [CP] Copy Pods Resources */ = {
			isa = PBXShellScriptBuildPhase;
			buildActionMask = 2147483647;
			files = (
			);
			inputPaths = (
			);
			name = "[CP] Copy Pods Resources";
			outputPaths = (
			);
			runOnlyForDeploymentPostprocessing = 0;
			shellPath = /bin/sh;
			shellScript = "\"${SRCROOT}/Pods/Target Support Files/Pods-ix-location/Pods-ix-location-resources.sh\"\n";
			showEnvVarsInLog = 0;
		};
/* End PBXShellScriptBuildPhase section */

/* Begin PBXSourcesBuildPhase section */
		CA0B26D71F0A8A6E006F0CF7 /* Sources */ = {
			isa = PBXSourcesBuildPhase;
			buildActionMask = 2147483647;
			files = (
				CA0B26E31F0A8A6E006F0CF7 /* AppleMapsViewController.swift in Sources */,
				CA0B26DF1F0A8A6E006F0CF7 /* AppDelegate.swift in Sources */,
				CA0B26F31F0AD204006F0CF7 /* ActivityLogViewController.swift in Sources */,
				CA0B26E11F0A8A6E006F0CF7 /* GoogleMapsViewController.swift in Sources */,
				CA0B26F51F0AD282006F0CF7 /* SettingsViewController.swift in Sources */,
			);
			runOnlyForDeploymentPostprocessing = 0;
		};
/* End PBXSourcesBuildPhase section */

/* Begin PBXVariantGroup section */
		CA0B26E41F0A8A6E006F0CF7 /* Main.storyboard */ = {
			isa = PBXVariantGroup;
			children = (
				CA0B26E51F0A8A6E006F0CF7 /* Base */,
			);
			name = Main.storyboard;
			sourceTree = "<group>";
		};
		CA0B26E91F0A8A6E006F0CF7 /* LaunchScreen.storyboard */ = {
			isa = PBXVariantGroup;
			children = (
				CA0B26EA1F0A8A6E006F0CF7 /* Base */,
			);
			name = LaunchScreen.storyboard;
			sourceTree = "<group>";
		};
/* End PBXVariantGroup section */

/* Begin XCBuildConfiguration section */
		CA0B26ED1F0A8A6F006F0CF7 /* Debug */ = {
			isa = XCBuildConfiguration;
			buildSettings = {
				ALWAYS_SEARCH_USER_PATHS = NO;
				CLANG_ANALYZER_NONNULL = YES;
				CLANG_ANALYZER_NUMBER_OBJECT_CONVERSION = YES_AGGRESSIVE;
				CLANG_CXX_LANGUAGE_STANDARD = "gnu++0x";
				CLANG_CXX_LIBRARY = "libc++";
				CLANG_ENABLE_MODULES = YES;
				CLANG_ENABLE_OBJC_ARC = YES;
				CLANG_WARN_BOOL_CONVERSION = YES;
				CLANG_WARN_CONSTANT_CONVERSION = YES;
				CLANG_WARN_DIRECT_OBJC_ISA_USAGE = YES_ERROR;
				CLANG_WARN_DOCUMENTATION_COMMENTS = YES;
				CLANG_WARN_EMPTY_BODY = YES;
				CLANG_WARN_ENUM_CONVERSION = YES;
				CLANG_WARN_INFINITE_RECURSION = YES;
				CLANG_WARN_INT_CONVERSION = YES;
				CLANG_WARN_OBJC_ROOT_CLASS = YES_ERROR;
				CLANG_WARN_SUSPICIOUS_MOVE = YES;
				CLANG_WARN_UNREACHABLE_CODE = YES;
				CLANG_WARN__DUPLICATE_METHOD_MATCH = YES;
				"CODE_SIGN_IDENTITY[sdk=iphoneos*]" = "iPhone Developer";
				COPY_PHASE_STRIP = NO;
				DEBUG_INFORMATION_FORMAT = dwarf;
				ENABLE_STRICT_OBJC_MSGSEND = YES;
				ENABLE_TESTABILITY = YES;
				GCC_C_LANGUAGE_STANDARD = gnu99;
				GCC_DYNAMIC_NO_PIC = NO;
				GCC_NO_COMMON_BLOCKS = YES;
				GCC_OPTIMIZATION_LEVEL = 0;
				GCC_PREPROCESSOR_DEFINITIONS = (
					"DEBUG=1",
					"$(inherited)",
				);
				GCC_WARN_64_TO_32_BIT_CONVERSION = YES;
				GCC_WARN_ABOUT_RETURN_TYPE = YES_ERROR;
				GCC_WARN_UNDECLARED_SELECTOR = YES;
				GCC_WARN_UNINITIALIZED_AUTOS = YES_AGGRESSIVE;
				GCC_WARN_UNUSED_FUNCTION = YES;
				GCC_WARN_UNUSED_VARIABLE = YES;
				IPHONEOS_DEPLOYMENT_TARGET = 10.3;
				MTL_ENABLE_DEBUG_INFO = YES;
				ONLY_ACTIVE_ARCH = YES;
				SDKROOT = iphoneos;
				SWIFT_ACTIVE_COMPILATION_CONDITIONS = DEBUG;
				SWIFT_OPTIMIZATION_LEVEL = "-Onone";
				TARGETED_DEVICE_FAMILY = "1,2";
			};
			name = Debug;
		};
		CA0B26EE1F0A8A6F006F0CF7 /* Release */ = {
			isa = XCBuildConfiguration;
			buildSettings = {
				ALWAYS_SEARCH_USER_PATHS = NO;
				CLANG_ANALYZER_NONNULL = YES;
				CLANG_ANALYZER_NUMBER_OBJECT_CONVERSION = YES_AGGRESSIVE;
				CLANG_CXX_LANGUAGE_STANDARD = "gnu++0x";
				CLANG_CXX_LIBRARY = "libc++";
				CLANG_ENABLE_MODULES = YES;
				CLANG_ENABLE_OBJC_ARC = YES;
				CLANG_WARN_BOOL_CONVERSION = YES;
				CLANG_WARN_CONSTANT_CONVERSION = YES;
				CLANG_WARN_DIRECT_OBJC_ISA_USAGE = YES_ERROR;
				CLANG_WARN_DOCUMENTATION_COMMENTS = YES;
				CLANG_WARN_EMPTY_BODY = YES;
				CLANG_WARN_ENUM_CONVERSION = YES;
				CLANG_WARN_INFINITE_RECURSION = YES;
				CLANG_WARN_INT_CONVERSION = YES;
				CLANG_WARN_OBJC_ROOT_CLASS = YES_ERROR;
				CLANG_WARN_SUSPICIOUS_MOVE = YES;
				CLANG_WARN_UNREACHABLE_CODE = YES;
				CLANG_WARN__DUPLICATE_METHOD_MATCH = YES;
				"CODE_SIGN_IDENTITY[sdk=iphoneos*]" = "iPhone Developer";
				COPY_PHASE_STRIP = NO;
				DEBUG_INFORMATION_FORMAT = "dwarf-with-dsym";
				ENABLE_NS_ASSERTIONS = NO;
				ENABLE_STRICT_OBJC_MSGSEND = YES;
				GCC_C_LANGUAGE_STANDARD = gnu99;
				GCC_NO_COMMON_BLOCKS = YES;
				GCC_WARN_64_TO_32_BIT_CONVERSION = YES;
				GCC_WARN_ABOUT_RETURN_TYPE = YES_ERROR;
				GCC_WARN_UNDECLARED_SELECTOR = YES;
				GCC_WARN_UNINITIALIZED_AUTOS = YES_AGGRESSIVE;
				GCC_WARN_UNUSED_FUNCTION = YES;
				GCC_WARN_UNUSED_VARIABLE = YES;
				IPHONEOS_DEPLOYMENT_TARGET = 10.3;
				MTL_ENABLE_DEBUG_INFO = NO;
				SDKROOT = iphoneos;
				SWIFT_OPTIMIZATION_LEVEL = "-Owholemodule";
				TARGETED_DEVICE_FAMILY = "1,2";
				VALIDATE_PRODUCT = YES;
			};
			name = Release;
		};
		CA0B26F01F0A8A6F006F0CF7 /* Debug */ = {
			isa = XCBuildConfiguration;
			baseConfigurationReference = FA20171FEB18DC7C5BC2218C /* Pods-ix-location.debug.xcconfig */;
			buildSettings = {
				ASSETCATALOG_COMPILER_APPICON_NAME = AppIcon;
				INFOPLIST_FILE = "ix-location/Info.plist";
				LD_RUNPATH_SEARCH_PATHS = "$(inherited) @executable_path/Frameworks";
				PRODUCT_BUNDLE_IDENTIFIER = "Brandon-Taleisnik.ix-location";
				PRODUCT_NAME = "$(TARGET_NAME)";
				SWIFT_VERSION = 3.0;
			};
			name = Debug;
		};
		CA0B26F11F0A8A6F006F0CF7 /* Release */ = {
			isa = XCBuildConfiguration;
			baseConfigurationReference = 3E9585DCF3C1D18F953F065D /* Pods-ix-location.release.xcconfig */;
			buildSettings = {
				ASSETCATALOG_COMPILER_APPICON_NAME = AppIcon;
				INFOPLIST_FILE = "ix-location/Info.plist";
				LD_RUNPATH_SEARCH_PATHS = "$(inherited) @executable_path/Frameworks";
				PRODUCT_BUNDLE_IDENTIFIER = "Brandon-Taleisnik.ix-location";
				PRODUCT_NAME = "$(TARGET_NAME)";
				SWIFT_VERSION = 3.0;
			};
			name = Release;
		};
/* End XCBuildConfiguration section */

/* Begin XCConfigurationList section */
		CA0B26D61F0A8A6E006F0CF7 /* Build configuration list for PBXProject "ix-location" */ = {
			isa = XCConfigurationList;
			buildConfigurations = (
				CA0B26ED1F0A8A6F006F0CF7 /* Debug */,
				CA0B26EE1F0A8A6F006F0CF7 /* Release */,
			);
			defaultConfigurationIsVisible = 0;
			defaultConfigurationName = Release;
		};
		CA0B26EF1F0A8A6F006F0CF7 /* Build configuration list for PBXNativeTarget "ix-location" */ = {
			isa = XCConfigurationList;
			buildConfigurations = (
				CA0B26F01F0A8A6F006F0CF7 /* Debug */,
				CA0B26F11F0A8A6F006F0CF7 /* Release */,
			);
			defaultConfigurationIsVisible = 0;
			defaultConfigurationName = Release;
		};
/* End XCConfigurationList section */
	};
	rootObject = CA0B26D31F0A8A6E006F0CF7 /* Project object */;
}
